[root]
name = "jaru3"
version = "0.1.0"
dependencies = [
 "ears 0.3.5 (registry+https://github.com/rust-lang/crates.io-index)",
 "schedule_recv 0.1.0 (registry+https://github.com/rust-lang/crates.io-index)",
]

[[package]]
name = "ears"
version = "0.3.5"
source = "registry+https://github.com/rust-lang/crates.io-index"
dependencies = [
 "libc 0.2.12 (registry+https://github.com/rust-lang/crates.io-index)",
]

[[package]]
name = "lazy_static"
version = "0.2.1"
source = "registry+https://github.com/rust-lang/crates.io-index"

[[package]]
name = "libc"
version = "0.2.12"
source = "registry+https://github.com/rust-lang/crates.io-index"

[[package]]
name = "schedule_recv"
version = "0.1.0"
source = "registry+https://github.com/rust-lang/crates.io-index"
dependencies = [
 "lazy_static 0.2.1 (registry+https://github.com/rust-lang/crates.io-index)",
]

